
Microsoft Visual Studio Solution File, Format Version 12.00
# Visual Studio Version 17
VisualStudioVersion = 17.0.31903.59
MinimumVisualStudioVersion = 10.0.40219.1
Project("{FAE04EC0-301F-11D3-BF4B-00C04F79EFBC}") = "ApiB", "ApiB\ApiB.csproj", "{A41C636B-D1D2-4D92-A4DE-EC9111F95586}"
EndProject
Global
	GlobalSection(SolutionConfigurationPlatforms) = preSolution
		Debug|Any CPU = Debug|Any CPU
		Release|Any CPU = Release|Any CPU
	EndGlobalSection
	GlobalSection(SolutionProperties) = preSolution
		HideSolutionNode = FALSE
	EndGlobalSection
	GlobalSection(ProjectConfigurationPlatforms) = postSolution
		{A41C636B-D1D2-4D92-A4DE-EC9111F95586}.Debug|Any CPU.ActiveCfg = Debug|Any CPU
		{A41C636B-D1D2-4D92-A4DE-EC9111F95586}.Debug|Any CPU.Build.0 = Debug|Any CPU
		{A41C636B-D1D2-4D92-A4DE-EC9111F95586}.Release|Any CPU.ActiveCfg = Release|Any CPU
		{A41C636B-D1D2-4D92-A4DE-EC9111F95586}.Release|Any CPU.Build.0 = Release|Any CPU
	EndGlobalSection
EndGlobal
